Microsoft Visual Studio Solution File, Format Version 8.00
Project("{8BC9CEB8-8B4A-11D0-8D11-00A0C91BC942}") = "multifxVST", "multifxVST.vcproj", "{656B64AC-792B-41A7-BC5F-3EF10F84A2FE}"
	ProjectSection(ProjectDependencies) = postProject
	EndProjectSection
EndProject
Global
	GlobalSection(SolutionConfiguration) = preSolution
		Debug Dyn = Debug Dyn
		Debug Stat = Debug Stat
		Release Dyn = Release Dyn
		Release Static = Release Static
	EndGlobalSection
	GlobalSection(ProjectConfiguration) = postSolution
		{656B64AC-792B-41A7-BC5F-3EF10F84A2FE}.Debug Dyn.ActiveCfg = Debug Dyn|Win32
		{656B64AC-792B-41A7-BC5F-3EF10F84A2FE}.Debug Dyn.Build.0 = Debug Dyn|Win32
		{656B64AC-792B-41A7-BC5F-3EF10F84A2FE}.Debug Stat.ActiveCfg = Debug Stat|Win32
		{656B64AC-792B-41A7-BC5F-3EF10F84A2FE}.Debug Stat.Build.0 = Debug Stat|Win32
		{656B64AC-792B-41A7-BC5F-3EF10F84A2FE}.Release Dyn.ActiveCfg = Release Dyn|Win32
		{656B64AC-792B-41A7-BC5F-3EF10F84A2FE}.Release Dyn.Build.0 = Release Dyn|Win32
		{656B64AC-792B-41A7-BC5F-3EF10F84A2FE}.Release Static.ActiveCfg = Release Static|Win32
		{656B64AC-792B-41A7-BC5F-3EF10F84A2FE}.Release Static.Build.0 = Release Static|Win32
	EndGlobalSection
	GlobalSection(ExtensibilityGlobals) = postSolution
	EndGlobalSection
	GlobalSection(ExtensibilityAddIns) = postSolution
	EndGlobalSection
EndGlobal
